
Microsoft Visual Studio Solution File, Format Version 12.00
# Visual Studio Version 17
VisualStudioVersion = 17.5.33424.131
MinimumVisualStudioVersion = 10.0.40219.1
Project("{FAE04EC0-301F-11D3-BF4B-00C04F79EFBC}") = "Xacaton02", "Xacaton02\Xacaton02.csproj", "{833C1A66-5C2F-479E-8BE4-1AF494BAA45E}"
EndProject
Global
	GlobalSection(SolutionConfigurationPlatforms) = preSolution
		Debug|Any CPU = Debug|Any CPU
		Release|Any CPU = Release|Any CPU
	EndGlobalSection
	GlobalSection(ProjectConfigurationPlatforms) = postSolution
		{833C1A66-5C2F-479E-8BE4-1AF494BAA45E}.Debug|Any CPU.ActiveCfg = Debug|Any CPU
		{833C1A66-5C2F-479E-8BE4-1AF494BAA45E}.Debug|Any CPU.Build.0 = Debug|Any CPU
		{833C1A66-5C2F-479E-8BE4-1AF494BAA45E}.Release|Any CPU.ActiveCfg = Release|Any CPU
		{833C1A66-5C2F-479E-8BE4-1AF494BAA45E}.Release|Any CPU.Build.0 = Release|Any CPU
	EndGlobalSection
	GlobalSection(SolutionProperties) = preSolution
		HideSolutionNode = FALSE
	EndGlobalSection
	GlobalSection(ExtensibilityGlobals) = postSolution
		SolutionGuid = {632047B7-97CD-418A-A9A6-A6F759164A9F}
	EndGlobalSection
EndGlobal
